
Microsoft Visual Studio Solution File, Format Version 12.00
# Visual Studio Version 17
VisualStudioVersion = 17.7.34024.191
MinimumVisualStudioVersion = 10.0.40219.1
Project("{FAE04EC0-301F-11D3-BF4B-00C04F79EFBC}") = "API_Contactos", "API_Contactos\API_Contactos.csproj", "{1C38024F-8FED-4402-BDB7-EF65427A9C67}"
EndProject
Global
	GlobalSection(SolutionConfigurationPlatforms) = preSolution
		Debug|Any CPU = Debug|Any CPU
		Release|Any CPU = Release|Any CPU
	EndGlobalSection
	GlobalSection(ProjectConfigurationPlatforms) = postSolution
		{1C38024F-8FED-4402-BDB7-EF65427A9C67}.Debug|Any CPU.ActiveCfg = Debug|Any CPU
		{1C38024F-8FED-4402-BDB7-EF65427A9C67}.Debug|Any CPU.Build.0 = Debug|Any CPU
		{1C38024F-8FED-4402-BDB7-EF65427A9C67}.Release|Any CPU.ActiveCfg = Release|Any CPU
		{1C38024F-8FED-4402-BDB7-EF65427A9C67}.Release|Any CPU.Build.0 = Release|Any CPU
	EndGlobalSection
	GlobalSection(SolutionProperties) = preSolution
		HideSolutionNode = FALSE
	EndGlobalSection
	GlobalSection(ExtensibilityGlobals) = postSolution
		SolutionGuid = {1CB0D9B6-EA2B-4B3D-B4D8-58DF57F874DC}
	EndGlobalSection
EndGlobal
